
Microsoft Visual Studio Solution File, Format Version 12.00
# Visual Studio Version 16
VisualStudioVersion = 16.0.29728.190
MinimumVisualStudioVersion = 10.0.40219.1
Project("{9A19103F-16F7-4668-BE54-9A1E7A4F7556}") = "JiangLiQuery.Web", "JiangLiQuery.Web\JiangLiQuery.Web.csproj", "{D6DC5F89-DE33-41D1-856F-9CCC78BE68D9}"
EndProject
Global
	GlobalSection(SolutionConfigurationPlatforms) = preSolution
		Debug|Any CPU = Debug|Any CPU
		Release|Any CPU = Release|Any CPU
	EndGlobalSection
	GlobalSection(ProjectConfigurationPlatforms) = postSolution
		{D6DC5F89-DE33-41D1-856F-9CCC78BE68D9}.Debug|Any CPU.ActiveCfg = Debug|Any CPU
		{D6DC5F89-DE33-41D1-856F-9CCC78BE68D9}.Debug|Any CPU.Build.0 = Debug|Any CPU
		{D6DC5F89-DE33-41D1-856F-9CCC78BE68D9}.Release|Any CPU.ActiveCfg = Release|Any CPU
		{D6DC5F89-DE33-41D1-856F-9CCC78BE68D9}.Release|Any CPU.Build.0 = Release|Any CPU
	EndGlobalSection
	GlobalSection(SolutionProperties) = preSolution
		HideSolutionNode = FALSE
	EndGlobalSection
	GlobalSection(ExtensibilityGlobals) = postSolution
		SolutionGuid = {3A45F7CA-D4A9-4BC4-8BD8-FD1AB90CEB5F}
	EndGlobalSection
EndGlobal
